// !$*UTF8*$!
{
	archiveVersion = 1;
	classes = {
	};
	objectVersion = 55;
	objects = {

/* Begin PBXBuildFile section */
		D30D3AD8270E2F2C00A39051 /* AppDelegate.swift in Sources */ = {isa = PBXBuildFile; fileRef = D30D3AD7270E2F2C00A39051 /* AppDelegate.swift */; };
		D30D3ADA270E2F2D00A39051 /* Assets.xcassets in Resources */ = {isa = PBXBuildFile; fileRef = D30D3AD9270E2F2D00A39051 /* Assets.xcassets */; };
		D30D3ADD270E2F2D00A39051 /* MainMenu.xib in Resources */ = {isa = PBXBuildFile; fileRef = D30D3ADB270E2F2D00A39051 /* MainMenu.xib */; };
		D3573252270E383F000CCCF9 /* PCH_Defs.swift in Sources */ = {isa = PBXBuildFile; fileRef = D3573251270E383F000CCCF9 /* PCH_Defs.swift */; };
		D3573254270E5DAE000CCCF9 /* AppController.swift in Sources */ = {isa = PBXBuildFile; fileRef = D3573253270E5DAE000CCCF9 /* AppController.swift */; };
		D3926C08270F3D3C00D2D17C /* Core.swift in Sources */ = {isa = PBXBuildFile; fileRef = D3926C07270F3D3C00D2D17C /* Core.swift */; };
		D39311BC2710C44200A29D65 /* TransformerView.swift in Sources */ = {isa = PBXBuildFile; fileRef = D39311BB2710C44200A29D65 /* TransformerView.swift */; };
		D3B7FF22270E320E002537D3 /* BasicSection.swift in Sources */ = {isa = PBXBuildFile; fileRef = D3B7FF21270E320E002537D3 /* BasicSection.swift */; };
		D3B7FF26270E3704002537D3 /* PCH_ExcelDesignFileReader.swift in Sources */ = {isa = PBXBuildFile; fileRef = D3B7FF25270E3704002537D3 /* PCH_ExcelDesignFileReader.swift */; };
		D3B7FF28270E3769002537D3 /* GlobalDefs.swift in Sources */ = {isa = PBXBuildFile; fileRef = D3B7FF27270E3769002537D3 /* GlobalDefs.swift */; };
		F5ED29ED270F1F9C003E84CB /* Segment.swift in Sources */ = {isa = PBXBuildFile; fileRef = F5ED29EC270F1F9C003E84CB /* Segment.swift */; };
		F5ED29EF271709B0003E84CB /* PhaseModel.swift in Sources */ = {isa = PBXBuildFile; fileRef = F5ED29EE271709B0003E84CB /* PhaseModel.swift */; };
/* End PBXBuildFile section */

/* Begin PBXFileReference section */
		D30D3AD4270E2F2C00A39051 /* Rabin2021.app */ = {isa = PBXFileReference; explicitFileType = wrapper.application; includeInIndex = 0; path = Rabin2021.app; sourceTree = BUILT_PRODUCTS_DIR; };
		D30D3AD7270E2F2C00A39051 /* AppDelegate.swift */ = {isa = PBXFileReference; lastKnownFileType = sourcecode.swift; path = AppDelegate.swift; sourceTree = "<group>"; };
		D30D3AD9270E2F2D00A39051 /* Assets.xcassets */ = {isa = PBXFileReference; lastKnownFileType = folder.assetcatalog; path = Assets.xcassets; sourceTree = "<group>"; };
		D30D3ADC270E2F2D00A39051 /* Base */ = {isa = PBXFileReference; lastKnownFileType = file.xib; name = Base; path = Base.lproj/MainMenu.xib; sourceTree = "<group>"; };
		D30D3ADE270E2F2D00A39051 /* Rabin2021.entitlements */ = {isa = PBXFileReference; lastKnownFileType = text.plist.entitlements; path = Rabin2021.entitlements; sourceTree = "<group>"; };
		D3573251270E383F000CCCF9 /* PCH_Defs.swift */ = {isa = PBXFileReference; fileEncoding = 4; lastKnownFileType = sourcecode.swift; name = PCH_Defs.swift; path = ../../../../Dropbox/MyProjects/PCH_Defs.swift; sourceTree = "<group>"; };
		D3573253270E5DAE000CCCF9 /* AppController.swift */ = {isa = PBXFileReference; lastKnownFileType = sourcecode.swift; path = AppController.swift; sourceTree = "<group>"; };
		D3926C07270F3D3C00D2D17C /* Core.swift */ = {isa = PBXFileReference; lastKnownFileType = sourcecode.swift; path = Core.swift; sourceTree = "<group>"; };
		D39311BB2710C44200A29D65 /* TransformerView.swift */ = {isa = PBXFileReference; fileEncoding = 4; lastKnownFileType = sourcecode.swift; path = TransformerView.swift; sourceTree = "<group>"; };
		D3B7FF21270E320E002537D3 /* BasicSection.swift */ = {isa = PBXFileReference; lastKnownFileType = sourcecode.swift; path = BasicSection.swift; sourceTree = "<group>"; };
		D3B7FF25270E3704002537D3 /* PCH_ExcelDesignFileReader.swift */ = {isa = PBXFileReference; fileEncoding = 4; lastKnownFileType = sourcecode.swift; name = PCH_ExcelDesignFileReader.swift; path = "../../../../Dropbox/MyProjects/Base Classes/PCH_ExcelDesignFileReader.swift"; sourceTree = "<group>"; };
		D3B7FF27270E3769002537D3 /* GlobalDefs.swift */ = {isa = PBXFileReference; fileEncoding = 4; lastKnownFileType = sourcecode.swift; name = GlobalDefs.swift; path = ../../../../Dropbox/MyProjects/GlobalDefs.swift; sourceTree = "<group>"; };
		F5ED29EC270F1F9C003E84CB /* Segment.swift */ = {isa = PBXFileReference; lastKnownFileType = sourcecode.swift; path = Segment.swift; sourceTree = "<group>"; };
		F5ED29EE271709B0003E84CB /* PhaseModel.swift */ = {isa = PBXFileReference; lastKnownFileType = sourcecode.swift; path = PhaseModel.swift; sourceTree = "<group>"; };
/* End PBXFileReference section */

/* Begin PBXFrameworksBuildPhase section */
		D30D3AD1270E2F2C00A39051 /* Frameworks */ = {
			isa = PBXFrameworksBuildPhase;
			buildActionMask = 2147483647;
			files = (
			);
			runOnlyForDeploymentPostprocessing = 0;
		};
/* End PBXFrameworksBuildPhase section */

/* Begin PBXGroup section */
		D30D3ACB270E2F2C00A39051 = {
			isa = PBXGroup;
			children = (
				D30D3AD6270E2F2C00A39051 /* Rabin2021 */,
				D30D3AD5270E2F2C00A39051 /* Products */,
			);
			sourceTree = "<group>";
		};
		D30D3AD5270E2F2C00A39051 /* Products */ = {
			isa = PBXGroup;
			children = (
				D30D3AD4270E2F2C00A39051 /* Rabin2021.app */,
			);
			name = Products;
			sourceTree = "<group>";
		};
		D30D3AD6270E2F2C00A39051 /* Rabin2021 */ = {
			isa = PBXGroup;
			children = (
				D30D3AD7270E2F2C00A39051 /* AppDelegate.swift */,
				D3B7FF27270E3769002537D3 /* GlobalDefs.swift */,
				D3573251270E383F000CCCF9 /* PCH_Defs.swift */,
				D3573253270E5DAE000CCCF9 /* AppController.swift */,
				D3B7FF25270E3704002537D3 /* PCH_ExcelDesignFileReader.swift */,
				F5ED29EE271709B0003E84CB /* PhaseModel.swift */,
				D3926C07270F3D3C00D2D17C /* Core.swift */,
				F5ED29EC270F1F9C003E84CB /* Segment.swift */,
				D3B7FF21270E320E002537D3 /* BasicSection.swift */,
				D39311BB2710C44200A29D65 /* TransformerView.swift */,
				D30D3AD9270E2F2D00A39051 /* Assets.xcassets */,
				D30D3ADB270E2F2D00A39051 /* MainMenu.xib */,
				D30D3ADE270E2F2D00A39051 /* Rabin2021.entitlements */,
			);
			path = Rabin2021;
			sourceTree = "<group>";
		};
/* End PBXGroup section */

/* Begin PBXNativeTarget section */
		D30D3AD3270E2F2C00A39051 /* Rabin2021 */ = {
			isa = PBXNativeTarget;
			buildConfigurationList = D30D3AE1270E2F2D00A39051 /* Build configuration list for PBXNativeTarget "Rabin2021" */;
			buildPhases = (
				D30D3AD0270E2F2C00A39051 /* Sources */,
				D30D3AD1270E2F2C00A39051 /* Frameworks */,
				D30D3AD2270E2F2C00A39051 /* Resources */,
			);
			buildRules = (
			);
			dependencies = (
			);
			name = Rabin2021;
			productName = Rabin2021;
			productReference = D30D3AD4270E2F2C00A39051 /* Rabin2021.app */;
			productType = "com.apple.product-type.application";
		};
/* End PBXNativeTarget section */

/* Begin PBXProject section */
		D30D3ACC270E2F2C00A39051 /* Project object */ = {
			isa = PBXProject;
			attributes = {
				BuildIndependentTargetsInParallel = 1;
				LastSwiftUpdateCheck = 1300;
				LastUpgradeCheck = 1300;
				TargetAttributes = {
					D30D3AD3270E2F2C00A39051 = {
						CreatedOnToolsVersion = 13.0;
					};
				};
			};
			buildConfigurationList = D30D3ACF270E2F2C00A39051 /* Build configuration list for PBXProject "Rabin2021" */;
			compatibilityVersion = "Xcode 13.0";
			developmentRegion = en;
			hasScannedForEncodings = 0;
			knownRegions = (
				en,
				Base,
			);
			mainGroup = D30D3ACB270E2F2C00A39051;
			productRefGroup = D30D3AD5270E2F2C00A39051 /* Products */;
			projectDirPath = "";
			projectRoot = "";
			targets = (
				D30D3AD3270E2F2C00A39051 /* Rabin2021 */,
			);
		};
/* End PBXProject section */

/* Begin PBXResourcesBuildPhase section */
		D30D3AD2270E2F2C00A39051 /* Resources */ = {
			isa = PBXResourcesBuildPhase;
			buildActionMask = 2147483647;
			files = (
				D30D3ADA270E2F2D00A39051 /* Assets.xcassets in Resources */,
				D30D3ADD270E2F2D00A39051 /* MainMenu.xib in Resources */,
			);
			runOnlyForDeploymentPostprocessing = 0;
		};
/* End PBXResourcesBuildPhase section */

/* Begin PBXSourcesBuildPhase section */
		D30D3AD0270E2F2C00A39051 /* Sources */ = {
			isa = PBXSourcesBuildPhase;
			buildActionMask = 2147483647;
			files = (
				D30D3AD8270E2F2C00A39051 /* AppDelegate.swift in Sources */,
				F5ED29EF271709B0003E84CB /* PhaseModel.swift in Sources */,
				D3573252270E383F000CCCF9 /* PCH_Defs.swift in Sources */,
				D3B7FF26270E3704002537D3 /* PCH_ExcelDesignFileReader.swift in Sources */,
				D3B7FF28270E3769002537D3 /* GlobalDefs.swift in Sources */,
				D3B7FF22270E320E002537D3 /* BasicSection.swift in Sources */,
				D39311BC2710C44200A29D65 /* TransformerView.swift in Sources */,
				D3573254270E5DAE000CCCF9 /* AppController.swift in Sources */,
				D3926C08270F3D3C00D2D17C /* Core.swift in Sources */,
				F5ED29ED270F1F9C003E84CB /* Segment.swift in Sources */,
			);
			runOnlyForDeploymentPostprocessing = 0;
		};
/* End PBXSourcesBuildPhase section */

/* Begin PBXVariantGroup section */
		D30D3ADB270E2F2D00A39051 /* MainMenu.xib */ = {
			isa = PBXVariantGroup;
			children = (
				D30D3ADC270E2F2D00A39051 /* Base */,
			);
			name = MainMenu.xib;
			sourceTree = "<group>";
		};
/* End PBXVariantGroup section */

/* Begin XCBuildConfiguration section */
		D30D3ADF270E2F2D00A39051 /* Debug */ = {
			isa = XCBuildConfiguration;
			buildSettings = {
				ALWAYS_SEARCH_USER_PATHS = NO;
				CLANG_ANALYZER_NONNULL = YES;
				CLANG_ANALYZER_NUMBER_OBJECT_CONVERSION = YES_AGGRESSIVE;
				CLANG_CXX_LANGUAGE_STANDARD = "gnu++17";
				CLANG_CXX_LIBRARY = "libc++";
				CLANG_ENABLE_MODULES = YES;
				CLANG_ENABLE_OBJC_ARC = YES;
				CLANG_ENABLE_OBJC_WEAK = YES;
				CLANG_WARN_BLOCK_CAPTURE_AUTORELEASING = YES;
				CLANG_WARN_BOOL_CONVERSION = YES;
				CLANG_WARN_COMMA = YES;
				CLANG_WARN_CONSTANT_CONVERSION = YES;
				CLANG_WARN_DEPRECATED_OBJC_IMPLEMENTATIONS = YES;
				CLANG_WARN_DIRECT_OBJC_ISA_USAGE = YES_ERROR;
				CLANG_WARN_DOCUMENTATION_COMMENTS = YES;
				CLANG_WARN_EMPTY_BODY = YES;
				CLANG_WARN_ENUM_CONVERSION = YES;
				CLANG_WARN_INFINITE_RECURSION = YES;
				CLANG_WARN_INT_CONVERSION = YES;
				CLANG_WARN_NON_LITERAL_NULL_CONVERSION = YES;
				CLANG_WARN_OBJC_IMPLICIT_RETAIN_SELF = YES;
				CLANG_WARN_OBJC_LITERAL_CONVERSION = YES;
				CLANG_WARN_OBJC_ROOT_CLASS = YES_ERROR;
				CLANG_WARN_QUOTED_INCLUDE_IN_FRAMEWORK_HEADER = YES;
				CLANG_WARN_RANGE_LOOP_ANALYSIS = YES;
				CLANG_WARN_STRICT_PROTOTYPES = YES;
				CLANG_WARN_SUSPICIOUS_MOVE = YES;
				CLANG_WARN_UNGUARDED_AVAILABILITY = YES_AGGRESSIVE;
				CLANG_WARN_UNREACHABLE_CODE = YES;
				CLANG_WARN__DUPLICATE_METHOD_MATCH = YES;
				COPY_PHASE_STRIP = NO;
				DEBUG_INFORMATION_FORMAT = dwarf;
				ENABLE_STRICT_OBJC_MSGSEND = YES;
				ENABLE_TESTABILITY = YES;
				GCC_C_LANGUAGE_STANDARD = gnu11;
				GCC_DYNAMIC_NO_PIC = NO;
				GCC_NO_COMMON_BLOCKS = YES;
				GCC_OPTIMIZATION_LEVEL = 0;
				GCC_PREPROCESSOR_DEFINITIONS = (
					"DEBUG=1",
					"$(inherited)",
				);
				GCC_WARN_64_TO_32_BIT_CONVERSION = YES;
				GCC_WARN_ABOUT_RETURN_TYPE = YES_ERROR;
				GCC_WARN_UNDECLARED_SELECTOR = YES;
				GCC_WARN_UNINITIALIZED_AUTOS = YES_AGGRESSIVE;
				GCC_WARN_UNUSED_FUNCTION = YES;
				GCC_WARN_UNUSED_VARIABLE = YES;
				MACOSX_DEPLOYMENT_TARGET = 11.3;
				MTL_ENABLE_DEBUG_INFO = INCLUDE_SOURCE;
				MTL_FAST_MATH = YES;
				ONLY_ACTIVE_ARCH = YES;
				SDKROOT = macosx;
				SWIFT_ACTIVE_COMPILATION_CONDITIONS = DEBUG;
				SWIFT_OPTIMIZATION_LEVEL = "-Onone";
			};
			name = Debug;
		};
		D30D3AE0270E2F2D00A39051 /* Release */ = {
			isa = XCBuildConfiguration;
			buildSettings = {
				ALWAYS_SEARCH_USER_PATHS = NO;
				CLANG_ANALYZER_NONNULL = YES;
				CLANG_ANALYZER_NUMBER_OBJECT_CONVERSION = YES_AGGRESSIVE;
				CLANG_CXX_LANGUAGE_STANDARD = "gnu++17";
				CLANG_CXX_LIBRARY = "libc++";
				CLANG_ENABLE_MODULES = YES;
				CLANG_ENABLE_OBJC_ARC = YES;
				CLANG_ENABLE_OBJC_WEAK = YES;
				CLANG_WARN_BLOCK_CAPTURE_AUTORELEASING = YES;
				CLANG_WARN_BOOL_CONVERSION = YES;
				CLANG_WARN_COMMA = YES;
				CLANG_WARN_CONSTANT_CONVERSION = YES;
				CLANG_WARN_DEPRECATED_OBJC_IMPLEMENTATIONS = YES;
				CLANG_WARN_DIRECT_OBJC_ISA_USAGE = YES_ERROR;
				CLANG_WARN_DOCUMENTATION_COMMENTS = YES;
				CLANG_WARN_EMPTY_BODY = YES;
				CLANG_WARN_ENUM_CONVERSION = YES;
				CLANG_WARN_INFINITE_RECURSION = YES;
				CLANG_WARN_INT_CONVERSION = YES;
				CLANG_WARN_NON_LITERAL_NULL_CONVERSION = YES;
				CLANG_WARN_OBJC_IMPLICIT_RETAIN_SELF = YES;
				CLANG_WARN_OBJC_LITERAL_CONVERSION = YES;
				CLANG_WARN_OBJC_ROOT_CLASS = YES_ERROR;
				CLANG_WARN_QUOTED_INCLUDE_IN_FRAMEWORK_HEADER = YES;
				CLANG_WARN_RANGE_LOOP_ANALYSIS = YES;
				CLANG_WARN_STRICT_PROTOTYPES = YES;
				CLANG_WARN_SUSPICIOUS_MOVE = YES;
				CLANG_WARN_UNGUARDED_AVAILABILITY = YES_AGGRESSIVE;
				CLANG_WARN_UNREACHABLE_CODE = YES;
				CLANG_WARN__DUPLICATE_METHOD_MATCH = YES;
				COPY_PHASE_STRIP = NO;
				DEBUG_INFORMATION_FORMAT = "dwarf-with-dsym";
				ENABLE_NS_ASSERTIONS = NO;
				ENABLE_STRICT_OBJC_MSGSEND = YES;
				GCC_C_LANGUAGE_STANDARD = gnu11;
				GCC_NO_COMMON_BLOCKS = YES;
				GCC_WARN_64_TO_32_BIT_CONVERSION = YES;
				GCC_WARN_ABOUT_RETURN_TYPE = YES_ERROR;
				GCC_WARN_UNDECLARED_SELECTOR = YES;
				GCC_WARN_UNINITIALIZED_AUTOS = YES_AGGRESSIVE;
				GCC_WARN_UNUSED_FUNCTION = YES;
				GCC_WARN_UNUSED_VARIABLE = YES;
				MACOSX_DEPLOYMENT_TARGET = 11.3;
				MTL_ENABLE_DEBUG_INFO = NO;
				MTL_FAST_MATH = YES;
				SDKROOT = macosx;
				SWIFT_COMPILATION_MODE = wholemodule;
				SWIFT_OPTIMIZATION_LEVEL = "-O";
			};
			name = Release;
		};
		D30D3AE2270E2F2D00A39051 /* Debug */ = {
			isa = XCBuildConfiguration;
			buildSettings = {
				ASSETCATALOG_COMPILER_APPICON_NAME = AppIcon;
				ASSETCATALOG_COMPILER_GLOBAL_ACCENT_COLOR_NAME = AccentColor;
				CODE_SIGN_ENTITLEMENTS = Rabin2021/Rabin2021.entitlements;
				CODE_SIGN_STYLE = Automatic;
				COMBINE_HIDPI_IMAGES = YES;
				CURRENT_PROJECT_VERSION = 1;
				DEVELOPMENT_TEAM = 3R3HXUUS44;
				ENABLE_HARDENED_RUNTIME = YES;
				GENERATE_INFOPLIST_FILE = YES;
				INFOPLIST_KEY_NSHumanReadableCopyright = "";
				INFOPLIST_KEY_NSMainNibFile = MainMenu;
				INFOPLIST_KEY_NSPrincipalClass = NSApplication;
				LD_RUNPATH_SEARCH_PATHS = (
					"$(inherited)",
					"@executable_path/../Frameworks",
				);
				MARKETING_VERSION = 1.0;
				PRODUCT_BUNDLE_IDENTIFIER = com.huberistech.Rabin2021;
				PRODUCT_NAME = "$(TARGET_NAME)";
				SWIFT_EMIT_LOC_STRINGS = YES;
				SWIFT_VERSION = 5.0;
			};
			name = Debug;
		};
		D30D3AE3270E2F2D00A39051 /* Release */ = {
			isa = XCBuildConfiguration;
			buildSettings = {
				ASSETCATALOG_COMPILER_APPICON_NAME = AppIcon;
				ASSETCATALOG_COMPILER_GLOBAL_ACCENT_COLOR_NAME = AccentColor;
				CODE_SIGN_ENTITLEMENTS = Rabin2021/Rabin2021.entitlements;
				CODE_SIGN_STYLE = Automatic;
				COMBINE_HIDPI_IMAGES = YES;
				CURRENT_PROJECT_VERSION = 1;
				DEVELOPMENT_TEAM = 3R3HXUUS44;
				ENABLE_HARDENED_RUNTIME = YES;
				GENERATE_INFOPLIST_FILE = YES;
				INFOPLIST_KEY_NSHumanReadableCopyright = "";
				INFOPLIST_KEY_NSMainNibFile = MainMenu;
				INFOPLIST_KEY_NSPrincipalClass = NSApplication;
				LD_RUNPATH_SEARCH_PATHS = (
					"$(inherited)",
					"@executable_path/../Frameworks",
				);
				MARKETING_VERSION = 1.0;
				PRODUCT_BUNDLE_IDENTIFIER = com.huberistech.Rabin2021;
				PRODUCT_NAME = "$(TARGET_NAME)";
				SWIFT_EMIT_LOC_STRINGS = YES;
				SWIFT_VERSION = 5.0;
			};
			name = Release;
		};
/* End XCBuildConfiguration section */

/* Begin XCConfigurationList section */
		D30D3ACF270E2F2C00A39051 /* Build configuration list for PBXProject "Rabin2021" */ = {
			isa = XCConfigurationList;
			buildConfigurations = (
				D30D3ADF270E2F2D00A39051 /* Debug */,
				D30D3AE0270E2F2D00A39051 /* Release */,
			);
			defaultConfigurationIsVisible = 0;
			defaultConfigurationName = Release;
		};
		D30D3AE1270E2F2D00A39051 /* Build configuration list for PBXNativeTarget "Rabin2021" */ = {
			isa = XCConfigurationList;
			buildConfigurations = (
				D30D3AE2270E2F2D00A39051 /* Debug */,
				D30D3AE3270E2F2D00A39051 /* Release */,
			);
			defaultConfigurationIsVisible = 0;
			defaultConfigurationName = Release;
		};
/* End XCConfigurationList section */
	};
	rootObject = D30D3ACC270E2F2C00A39051 /* Project object */;
}
